
Microsoft Visual Studio Solution File, Format Version 12.00
# Visual Studio Version 17
VisualStudioVersion = 17.8.34322.80
MinimumVisualStudioVersion = 10.0.40219.1
Project("{9A19103F-16F7-4668-BE54-9A1E7A4F7556}") = "MauiApp1", "MauiApp1\MauiApp1.csproj", "{8A67A2FA-1507-4A31-9466-70F9745FA05A}"
EndProject
Project("{9A19103F-16F7-4668-BE54-9A1E7A4F7556}") = "MAUITestProject", "MAUITestProject\MAUITestProject.csproj", "{6463AA36-1D66-4719-814E-74E531A95EEA}"
EndProject
Global
	GlobalSection(SolutionConfigurationPlatforms) = preSolution
		Debug|Any CPU = Debug|Any CPU
	EndGlobalSection
	GlobalSection(ProjectConfigurationPlatforms) = postSolution
		{8A67A2FA-1507-4A31-9466-70F9745FA05A}.Debug|Any CPU.ActiveCfg = Debug|Any CPU
		{8A67A2FA-1507-4A31-9466-70F9745FA05A}.Debug|Any CPU.Build.0 = Debug|Any CPU
		{8A67A2FA-1507-4A31-9466-70F9745FA05A}.Debug|Any CPU.Deploy.0 = Debug|Any CPU
		{6463AA36-1D66-4719-814E-74E531A95EEA}.Debug|Any CPU.ActiveCfg = Debug|Any CPU
		{6463AA36-1D66-4719-814E-74E531A95EEA}.Debug|Any CPU.Build.0 = Debug|Any CPU
	EndGlobalSection
	GlobalSection(SolutionProperties) = preSolution
		HideSolutionNode = FALSE
	EndGlobalSection
	GlobalSection(ExtensibilityGlobals) = postSolution
		SolutionGuid = {9F53D6CD-FBD0-42B7-8A44-9DFBA1039807}
	EndGlobalSection
EndGlobal
